# This file was autogenerated by Stack.
# You should not edit this file by hand.
# For more information, please see the documentation at:
#   https://docs.haskellstack.org/en/stable/lock_files

packages:
- completed:
    pantry-tree:
      sha256: 3b4398845ee6718fe2303870a5ab75bd190eb712fed2f22caaae30f790c490fd
      size: 3124
    hackage: optparse-applicative-0.17.0.0@sha256:0713e54cbb341e5cae979e2ac441eb3a5ff42e303001f432bd58c19e5638bdda,4967
  original:
    hackage: optparse-applicative-0.17.0.0
snapshots:
- completed:
    sha256: 428ec8d5ce932190d3cbe266b9eb3c175cd81e984babf876b64019e2cbe4ea68
    size: 590100
    url: https://raw.githubusercontent.com/commercialhaskell/stackage-snapshots/master/lts/18/28.yaml
  original: lts-18.28
